// !$*UTF8*$!
{
	archiveVersion = 1;
	classes = {
	};
	objectVersion = 51;
	objects = {

/* Begin PBXBuildFile section */
		B8EF2D48661FF74C1EE94B44 /* Pods_MCSL_Mobile.framework in Frameworks */ = {isa = PBXBuildFile; fileRef = B7E9FBCFA70442E8A30B9455 /* Pods_MCSL_Mobile.framework */; };
		C42313AC2574172B0010D1C2 /* FavoritesView.swift in Sources */ = {isa = PBXBuildFile; fileRef = C42313AB2574172B0010D1C2 /* FavoritesView.swift */; };
		C42313B0257474370010D1C2 /* light@2x.png in Resources */ = {isa = PBXBuildFile; fileRef = C42313AF257474370010D1C2 /* light@2x.png */; };
		C42313B32574743E0010D1C2 /* light@3x.png in Resources */ = {isa = PBXBuildFile; fileRef = C42313B22574743E0010D1C2 /* light@3x.png */; };
		C458F85124F2BE3B00732355 /* SearchTableViewController.swift in Sources */ = {isa = PBXBuildFile; fileRef = C458F85024F2BE3B00732355 /* SearchTableViewController.swift */; };
		C46D192A24B5216F009A9AA7 /* MemberTableViewController.swift in Sources */ = {isa = PBXBuildFile; fileRef = C46D192924B5216F009A9AA7 /* MemberTableViewController.swift */; };
		C46D192C24B547C4009A9AA7 /* Swimmer.swift in Sources */ = {isa = PBXBuildFile; fileRef = C46D192B24B547C4009A9AA7 /* Swimmer.swift */; };
		C47603F0244CD18900A26EB9 /* GoogleService-Info.plist in Resources */ = {isa = PBXBuildFile; fileRef = C47603EF244CD18800A26EB9 /* GoogleService-Info.plist */; };
		C497F6C5254F2B6800B8951A /* dark@2x.png in Resources */ = {isa = PBXBuildFile; fileRef = C497F6C4254F2B6800B8951A /* dark@2x.png */; };
		C497F6C8254F2B6E00B8951A /* dark@3x.png in Resources */ = {isa = PBXBuildFile; fileRef = C497F6C7254F2B6E00B8951A /* dark@3x.png */; };
		C4A3F06F24998BD100BA5ABF /* TeamTableViewController.swift in Sources */ = {isa = PBXBuildFile; fileRef = C4A3F06E24998BD100BA5ABF /* TeamTableViewController.swift */; };
		C4B736DB245F59C400ECFF4D /* HomeTableViewController.swift in Sources */ = {isa = PBXBuildFile; fileRef = C4B736DA245F59C400ECFF4D /* HomeTableViewController.swift */; };
		C4E05E3C257D5BC3005F571A /* MemberView.swift in Sources */ = {isa = PBXBuildFile; fileRef = C4E05E3B257D5BC2005F571A /* MemberView.swift */; };
		C4E32406243A58730097C007 /* AppDelegate.swift in Sources */ = {isa = PBXBuildFile; fileRef = C4E32405243A58730097C007 /* AppDelegate.swift */; };
		C4E32408243A58730097C007 /* SceneDelegate.swift in Sources */ = {isa = PBXBuildFile; fileRef = C4E32407243A58730097C007 /* SceneDelegate.swift */; };
		C4E3240F243A58730097C007 /* Main.storyboard in Resources */ = {isa = PBXBuildFile; fileRef = C4E3240D243A58730097C007 /* Main.storyboard */; };
		C4E32411243A587C0097C007 /* Assets.xcassets in Resources */ = {isa = PBXBuildFile; fileRef = C4E32410243A587C0097C007 /* Assets.xcassets */; };
		C4E32414243A587C0097C007 /* LaunchScreen.storyboard in Resources */ = {isa = PBXBuildFile; fileRef = C4E32412243A587C0097C007 /* LaunchScreen.storyboard */; };
		C4F26D302558770000D195EB /* FavoritesTableViewController.swift in Sources */ = {isa = PBXBuildFile; fileRef = C4F26D2F2558770000D195EB /* FavoritesTableViewController.swift */; };
		C4F26D332558776500D195EB /* FavoritesManager.swift in Sources */ = {isa = PBXBuildFile; fileRef = C4F26D322558776500D195EB /* FavoritesManager.swift */; };
		C4F3242E24E98CD400AF8CF5 /* IconsTableViewController.swift in Sources */ = {isa = PBXBuildFile; fileRef = C4F3242D24E98CD400AF8CF5 /* IconsTableViewController.swift */; };
		C4F3243524EA0E8B00AF8CF5 /* classic@3x.png in Resources */ = {isa = PBXBuildFile; fileRef = C4F3243324EA0E8B00AF8CF5 /* classic@3x.png */; };
		C4F3243624EA0E8B00AF8CF5 /* classic@2x.png in Resources */ = {isa = PBXBuildFile; fileRef = C4F3243424EA0E8B00AF8CF5 /* classic@2x.png */; };
		C4F3243924EA120E00AF8CF5 /* galaxy@3x.png in Resources */ = {isa = PBXBuildFile; fileRef = C4F3243724EA120E00AF8CF5 /* galaxy@3x.png */; };
		C4F3243A24EA120E00AF8CF5 /* galaxy@2x.png in Resources */ = {isa = PBXBuildFile; fileRef = C4F3243824EA120E00AF8CF5 /* galaxy@2x.png */; };
		C4F3243D24EA130200AF8CF5 /* beach@2x.png in Resources */ = {isa = PBXBuildFile; fileRef = C4F3243B24EA130100AF8CF5 /* beach@2x.png */; };
		C4F3243E24EA130200AF8CF5 /* beach@3x.png in Resources */ = {isa = PBXBuildFile; fileRef = C4F3243C24EA130200AF8CF5 /* beach@3x.png */; };
		C4F3244124EA149100AF8CF5 /* luminous@3x.png in Resources */ = {isa = PBXBuildFile; fileRef = C4F3243F24EA149000AF8CF5 /* luminous@3x.png */; };
		C4F3244224EA149100AF8CF5 /* luminous@2x.png in Resources */ = {isa = PBXBuildFile; fileRef = C4F3244024EA149100AF8CF5 /* luminous@2x.png */; };
		C4F3244524EA154300AF8CF5 /* midnight@2x.png in Resources */ = {isa = PBXBuildFile; fileRef = C4F3244324EA154200AF8CF5 /* midnight@2x.png */; };
		C4F3244624EA154300AF8CF5 /* midnight@3x.png in Resources */ = {isa = PBXBuildFile; fileRef = C4F3244424EA154300AF8CF5 /* midnight@3x.png */; };
/* End PBXBuildFile section */

/* Begin PBXFileReference section */
		22FF5EDB6AB563EDB84BB568 /* Pods-MCSL Mobile.debug.xcconfig */ = {isa = PBXFileReference; includeInIndex = 1; lastKnownFileType = text.xcconfig; name = "Pods-MCSL Mobile.debug.xcconfig"; path = "Target Support Files/Pods-MCSL Mobile/Pods-MCSL Mobile.debug.xcconfig"; sourceTree = "<group>"; };
		A2B6F0285F8856D87C5938EF /* Pods-MCSL Mobile.release.xcconfig */ = {isa = PBXFileReference; includeInIndex = 1; lastKnownFileType = text.xcconfig; name = "Pods-MCSL Mobile.release.xcconfig"; path = "Target Support Files/Pods-MCSL Mobile/Pods-MCSL Mobile.release.xcconfig"; sourceTree = "<group>"; };
		B7E9FBCFA70442E8A30B9455 /* Pods_MCSL_Mobile.framework */ = {isa = PBXFileReference; explicitFileType = wrapper.framework; includeInIndex = 0; path = Pods_MCSL_Mobile.framework; sourceTree = BUILT_PRODUCTS_DIR; };
		C42313AB2574172B0010D1C2 /* FavoritesView.swift */ = {isa = PBXFileReference; lastKnownFileType = sourcecode.swift; path = FavoritesView.swift; sourceTree = "<group>"; };
		C42313AF257474370010D1C2 /* light@2x.png */ = {isa = PBXFileReference; lastKnownFileType = image.png; path = "light@2x.png"; sourceTree = "<group>"; };
		C42313B22574743E0010D1C2 /* light@3x.png */ = {isa = PBXFileReference; lastKnownFileType = image.png; path = "light@3x.png"; sourceTree = "<group>"; };
		C458F85024F2BE3B00732355 /* SearchTableViewController.swift */ = {isa = PBXFileReference; lastKnownFileType = sourcecode.swift; path = SearchTableViewController.swift; sourceTree = "<group>"; };
		C46D192924B5216F009A9AA7 /* MemberTableViewController.swift */ = {isa = PBXFileReference; lastKnownFileType = sourcecode.swift; path = MemberTableViewController.swift; sourceTree = "<group>"; };
		C46D192B24B547C4009A9AA7 /* Swimmer.swift */ = {isa = PBXFileReference; fileEncoding = 4; lastKnownFileType = sourcecode.swift; path = Swimmer.swift; sourceTree = "<group>"; };
		C47603EF244CD18800A26EB9 /* GoogleService-Info.plist */ = {isa = PBXFileReference; fileEncoding = 4; lastKnownFileType = text.plist.xml; path = "GoogleService-Info.plist"; sourceTree = "<group>"; };
		C497F6C4254F2B6800B8951A /* dark@2x.png */ = {isa = PBXFileReference; lastKnownFileType = image.png; path = "dark@2x.png"; sourceTree = "<group>"; };
		C497F6C7254F2B6E00B8951A /* dark@3x.png */ = {isa = PBXFileReference; lastKnownFileType = image.png; path = "dark@3x.png"; sourceTree = "<group>"; };
		C4A3F06E24998BD100BA5ABF /* TeamTableViewController.swift */ = {isa = PBXFileReference; lastKnownFileType = sourcecode.swift; path = TeamTableViewController.swift; sourceTree = "<group>"; };
		C4B736DA245F59C400ECFF4D /* HomeTableViewController.swift */ = {isa = PBXFileReference; lastKnownFileType = sourcecode.swift; path = HomeTableViewController.swift; sourceTree = "<group>"; };
		C4E05E3B257D5BC2005F571A /* MemberView.swift */ = {isa = PBXFileReference; lastKnownFileType = sourcecode.swift; path = MemberView.swift; sourceTree = "<group>"; };
		C4E32402243A58730097C007 /* MCSL Mobile.app */ = {isa = PBXFileReference; explicitFileType = wrapper.application; includeInIndex = 0; path = "MCSL Mobile.app"; sourceTree = BUILT_PRODUCTS_DIR; };
		C4E32405243A58730097C007 /* AppDelegate.swift */ = {isa = PBXFileReference; lastKnownFileType = sourcecode.swift; path = AppDelegate.swift; sourceTree = "<group>"; };
		C4E32407243A58730097C007 /* SceneDelegate.swift */ = {isa = PBXFileReference; lastKnownFileType = sourcecode.swift; path = SceneDelegate.swift; sourceTree = "<group>"; };
		C4E3240E243A58730097C007 /* Base */ = {isa = PBXFileReference; lastKnownFileType = file.storyboard; name = Base; path = Base.lproj/Main.storyboard; sourceTree = "<group>"; };
		C4E32410243A587C0097C007 /* Assets.xcassets */ = {isa = PBXFileReference; lastKnownFileType = folder.assetcatalog; path = Assets.xcassets; sourceTree = "<group>"; };
		C4E32413243A587C0097C007 /* Base */ = {isa = PBXFileReference; lastKnownFileType = file.storyboard; name = Base; path = Base.lproj/LaunchScreen.storyboard; sourceTree = "<group>"; };
		C4E32415243A587C0097C007 /* Info.plist */ = {isa = PBXFileReference; lastKnownFileType = text.plist.xml; path = Info.plist; sourceTree = "<group>"; };
		C4F26D2F2558770000D195EB /* FavoritesTableViewController.swift */ = {isa = PBXFileReference; lastKnownFileType = sourcecode.swift; path = FavoritesTableViewController.swift; sourceTree = "<group>"; };
		C4F26D322558776500D195EB /* FavoritesManager.swift */ = {isa = PBXFileReference; lastKnownFileType = sourcecode.swift; path = FavoritesManager.swift; sourceTree = "<group>"; };
		C4F3242D24E98CD400AF8CF5 /* IconsTableViewController.swift */ = {isa = PBXFileReference; lastKnownFileType = sourcecode.swift; path = IconsTableViewController.swift; sourceTree = "<group>"; };
		C4F3243324EA0E8B00AF8CF5 /* classic@3x.png */ = {isa = PBXFileReference; lastKnownFileType = image.png; path = "classic@3x.png"; sourceTree = "<group>"; };
		C4F3243424EA0E8B00AF8CF5 /* classic@2x.png */ = {isa = PBXFileReference; lastKnownFileType = image.png; path = "classic@2x.png"; sourceTree = "<group>"; };
		C4F3243724EA120E00AF8CF5 /* galaxy@3x.png */ = {isa = PBXFileReference; lastKnownFileType = image.png; path = "galaxy@3x.png"; sourceTree = "<group>"; };
		C4F3243824EA120E00AF8CF5 /* galaxy@2x.png */ = {isa = PBXFileReference; lastKnownFileType = image.png; path = "galaxy@2x.png"; sourceTree = "<group>"; };
		C4F3243B24EA130100AF8CF5 /* beach@2x.png */ = {isa = PBXFileReference; lastKnownFileType = image.png; path = "beach@2x.png"; sourceTree = "<group>"; };
		C4F3243C24EA130200AF8CF5 /* beach@3x.png */ = {isa = PBXFileReference; lastKnownFileType = image.png; path = "beach@3x.png"; sourceTree = "<group>"; };
		C4F3243F24EA149000AF8CF5 /* luminous@3x.png */ = {isa = PBXFileReference; lastKnownFileType = image.png; path = "luminous@3x.png"; sourceTree = "<group>"; };
		C4F3244024EA149100AF8CF5 /* luminous@2x.png */ = {isa = PBXFileReference; lastKnownFileType = image.png; path = "luminous@2x.png"; sourceTree = "<group>"; };
		C4F3244324EA154200AF8CF5 /* midnight@2x.png */ = {isa = PBXFileReference; lastKnownFileType = image.png; path = "midnight@2x.png"; sourceTree = "<group>"; };
		C4F3244424EA154300AF8CF5 /* midnight@3x.png */ = {isa = PBXFileReference; lastKnownFileType = image.png; path = "midnight@3x.png"; sourceTree = "<group>"; };
/* End PBXFileReference section */

/* Begin PBXFrameworksBuildPhase section */
		C4E323FF243A58730097C007 /* Frameworks */ = {
			isa = PBXFrameworksBuildPhase;
			buildActionMask = 2147483647;
			files = (
				B8EF2D48661FF74C1EE94B44 /* Pods_MCSL_Mobile.framework in Frameworks */,
			);
			runOnlyForDeploymentPostprocessing = 0;
		};
/* End PBXFrameworksBuildPhase section */

/* Begin PBXGroup section */
		AB3C177626B13A75FF81AD7A /* Frameworks */ = {
			isa = PBXGroup;
			children = (
				B7E9FBCFA70442E8A30B9455 /* Pods_MCSL_Mobile.framework */,
			);
			name = Frameworks;
			sourceTree = "<group>";
		};
		BA0437AC42F287D52348F25F /* Pods */ = {
			isa = PBXGroup;
			children = (
				22FF5EDB6AB563EDB84BB568 /* Pods-MCSL Mobile.debug.xcconfig */,
				A2B6F0285F8856D87C5938EF /* Pods-MCSL Mobile.release.xcconfig */,
			);
			path = Pods;
			sourceTree = "<group>";
		};
		C4E323F9243A58730097C007 = {
			isa = PBXGroup;
			children = (
				C4E32404243A58730097C007 /* MCSL Mobile */,
				C4E32403243A58730097C007 /* Products */,
				BA0437AC42F287D52348F25F /* Pods */,
				AB3C177626B13A75FF81AD7A /* Frameworks */,
			);
			sourceTree = "<group>";
		};
		C4E32403243A58730097C007 /* Products */ = {
			isa = PBXGroup;
			children = (
				C4E32402243A58730097C007 /* MCSL Mobile.app */,
			);
			name = Products;
			sourceTree = "<group>";
		};
		C4E32404243A58730097C007 /* MCSL Mobile */ = {
			isa = PBXGroup;
			children = (
				C4E32405243A58730097C007 /* AppDelegate.swift */,
				C4E32407243A58730097C007 /* SceneDelegate.swift */,
				C4E3240D243A58730097C007 /* Main.storyboard */,
				C4F26D2F2558770000D195EB /* FavoritesTableViewController.swift */,
				C42313AB2574172B0010D1C2 /* FavoritesView.swift */,
				C4E05E3B257D5BC2005F571A /* MemberView.swift */,
				C4F26D322558776500D195EB /* FavoritesManager.swift */,
				C458F85024F2BE3B00732355 /* SearchTableViewController.swift */,
				C4F3242D24E98CD400AF8CF5 /* IconsTableViewController.swift */,
				C4B736DA245F59C400ECFF4D /* HomeTableViewController.swift */,
				C4A3F06E24998BD100BA5ABF /* TeamTableViewController.swift */,
				C46D192924B5216F009A9AA7 /* MemberTableViewController.swift */,
				C46D192B24B547C4009A9AA7 /* Swimmer.swift */,
				C4E32410243A587C0097C007 /* Assets.xcassets */,
				C4F3243424EA0E8B00AF8CF5 /* classic@2x.png */,
				C4F3243324EA0E8B00AF8CF5 /* classic@3x.png */,
				C4F3243B24EA130100AF8CF5 /* beach@2x.png */,
				C4F3243C24EA130200AF8CF5 /* beach@3x.png */,
				C4F3243824EA120E00AF8CF5 /* galaxy@2x.png */,
				C4F3243724EA120E00AF8CF5 /* galaxy@3x.png */,
				C4F3244024EA149100AF8CF5 /* luminous@2x.png */,
				C4F3243F24EA149000AF8CF5 /* luminous@3x.png */,
				C4F3244324EA154200AF8CF5 /* midnight@2x.png */,
				C4F3244424EA154300AF8CF5 /* midnight@3x.png */,
				C497F6C4254F2B6800B8951A /* dark@2x.png */,
				C497F6C7254F2B6E00B8951A /* dark@3x.png */,
				C42313AF257474370010D1C2 /* light@2x.png */,
				C42313B22574743E0010D1C2 /* light@3x.png */,
				C4E32412243A587C0097C007 /* LaunchScreen.storyboard */,
				C4E32415243A587C0097C007 /* Info.plist */,
				C47603EF244CD18800A26EB9 /* GoogleService-Info.plist */,
			);
			path = "MCSL Mobile";
			sourceTree = "<group>";
		};
/* End PBXGroup section */

/* Begin PBXNativeTarget section */
		C4E32401243A58730097C007 /* MCSL Mobile */ = {
			isa = PBXNativeTarget;
			buildConfigurationList = C4E32418243A587C0097C007 /* Build configuration list for PBXNativeTarget "MCSL Mobile" */;
			buildPhases = (
				C78CC7CBF8DBB832BE87C959 /* [CP] Check Pods Manifest.lock */,
				C4E323FE243A58730097C007 /* Sources */,
				C4E323FF243A58730097C007 /* Frameworks */,
				C4E32400243A58730097C007 /* Resources */,
				DF3F2CF1290EC5CD3DDF5E82 /* [CP] Embed Pods Frameworks */,
			);
			buildRules = (
			);
			dependencies = (
			);
			name = "MCSL Mobile";
			productName = "MCSL Mobile";
			productReference = C4E32402243A58730097C007 /* MCSL Mobile.app */;
			productType = "com.apple.product-type.application";
		};
/* End PBXNativeTarget section */

/* Begin PBXProject section */
		C4E323FA243A58730097C007 /* Project object */ = {
			isa = PBXProject;
			attributes = {
				LastSwiftUpdateCheck = 1130;
				LastUpgradeCheck = 1130;
				ORGANIZATIONNAME = "Jerry Ji";
				TargetAttributes = {
					C4E32401243A58730097C007 = {
						CreatedOnToolsVersion = 11.3.1;
					};
				};
			};
			buildConfigurationList = C4E323FD243A58730097C007 /* Build configuration list for PBXProject "MCSL Mobile" */;
			compatibilityVersion = "Xcode 9.3";
			developmentRegion = en;
			hasScannedForEncodings = 0;
			knownRegions = (
				en,
				Base,
			);
			mainGroup = C4E323F9243A58730097C007;
			productRefGroup = C4E32403243A58730097C007 /* Products */;
			projectDirPath = "";
			projectRoot = "";
			targets = (
				C4E32401243A58730097C007 /* MCSL Mobile */,
			);
		};
/* End PBXProject section */

/* Begin PBXResourcesBuildPhase section */
		C4E32400243A58730097C007 /* Resources */ = {
			isa = PBXResourcesBuildPhase;
			buildActionMask = 2147483647;
			files = (
				C4F3243A24EA120E00AF8CF5 /* galaxy@2x.png in Resources */,
				C497F6C5254F2B6800B8951A /* dark@2x.png in Resources */,
				C42313B32574743E0010D1C2 /* light@3x.png in Resources */,
				C4E32414243A587C0097C007 /* LaunchScreen.storyboard in Resources */,
				C4F3243924EA120E00AF8CF5 /* galaxy@3x.png in Resources */,
				C4F3243524EA0E8B00AF8CF5 /* classic@3x.png in Resources */,
				C47603F0244CD18900A26EB9 /* GoogleService-Info.plist in Resources */,
				C4E32411243A587C0097C007 /* Assets.xcassets in Resources */,
				C4F3244124EA149100AF8CF5 /* luminous@3x.png in Resources */,
				C4F3244624EA154300AF8CF5 /* midnight@3x.png in Resources */,
				C4F3243D24EA130200AF8CF5 /* beach@2x.png in Resources */,
				C4F3244224EA149100AF8CF5 /* luminous@2x.png in Resources */,
				C497F6C8254F2B6E00B8951A /* dark@3x.png in Resources */,
				C4E3240F243A58730097C007 /* Main.storyboard in Resources */,
				C4F3244524EA154300AF8CF5 /* midnight@2x.png in Resources */,
				C4F3243624EA0E8B00AF8CF5 /* classic@2x.png in Resources */,
				C4F3243E24EA130200AF8CF5 /* beach@3x.png in Resources */,
				C42313B0257474370010D1C2 /* light@2x.png in Resources */,
			);
			runOnlyForDeploymentPostprocessing = 0;
		};
/* End PBXResourcesBuildPhase section */

/* Begin PBXShellScriptBuildPhase section */
		C78CC7CBF8DBB832BE87C959 /* [CP] Check Pods Manifest.lock */ = {
			isa = PBXShellScriptBuildPhase;
			buildActionMask = 2147483647;
			files = (
			);
			inputFileListPaths = (
			);
			inputPaths = (
				"${PODS_PODFILE_DIR_PATH}/Podfile.lock",
				"${PODS_ROOT}/Manifest.lock",
			);
			name = "[CP] Check Pods Manifest.lock";
			outputFileListPaths = (
			);
			outputPaths = (
				"$(DERIVED_FILE_DIR)/Pods-MCSL Mobile-checkManifestLockResult.txt",
			);
			runOnlyForDeploymentPostprocessing = 0;
			shellPath = /bin/sh;
			shellScript = "diff \"${PODS_PODFILE_DIR_PATH}/Podfile.lock\" \"${PODS_ROOT}/Manifest.lock\" > /dev/null\nif [ $? != 0 ] ; then\n    # print error to STDERR\n    echo \"error: The sandbox is not in sync with the Podfile.lock. Run 'pod install' or update your CocoaPods installation.\" >&2\n    exit 1\nfi\n# This output is used by Xcode 'outputs' to avoid re-running this script phase.\necho \"SUCCESS\" > \"${SCRIPT_OUTPUT_FILE_0}\"\n";
			showEnvVarsInLog = 0;
		};
		DF3F2CF1290EC5CD3DDF5E82 /* [CP] Embed Pods Frameworks */ = {
			isa = PBXShellScriptBuildPhase;
			buildActionMask = 2147483647;
			files = (
			);
			inputFileListPaths = (
				"${PODS_ROOT}/Target Support Files/Pods-MCSL Mobile/Pods-MCSL Mobile-frameworks-${CONFIGURATION}-input-files.xcfilelist",
			);
			name = "[CP] Embed Pods Frameworks";
			outputFileListPaths = (
				"${PODS_ROOT}/Target Support Files/Pods-MCSL Mobile/Pods-MCSL Mobile-frameworks-${CONFIGURATION}-output-files.xcfilelist",
			);
			runOnlyForDeploymentPostprocessing = 0;
			shellPath = /bin/sh;
			shellScript = "\"${PODS_ROOT}/Target Support Files/Pods-MCSL Mobile/Pods-MCSL Mobile-frameworks.sh\"\n";
			showEnvVarsInLog = 0;
		};
/* End PBXShellScriptBuildPhase section */

/* Begin PBXSourcesBuildPhase section */
		C4E323FE243A58730097C007 /* Sources */ = {
			isa = PBXSourcesBuildPhase;
			buildActionMask = 2147483647;
			files = (
				C42313AC2574172B0010D1C2 /* FavoritesView.swift in Sources */,
				C4F3242E24E98CD400AF8CF5 /* IconsTableViewController.swift in Sources */,
				C4F26D332558776500D195EB /* FavoritesManager.swift in Sources */,
				C4E32406243A58730097C007 /* AppDelegate.swift in Sources */,
				C46D192C24B547C4009A9AA7 /* Swimmer.swift in Sources */,
				C4F26D302558770000D195EB /* FavoritesTableViewController.swift in Sources */,
				C4E05E3C257D5BC3005F571A /* MemberView.swift in Sources */,
				C4A3F06F24998BD100BA5ABF /* TeamTableViewController.swift in Sources */,
				C4E32408243A58730097C007 /* SceneDelegate.swift in Sources */,
				C46D192A24B5216F009A9AA7 /* MemberTableViewController.swift in Sources */,
				C4B736DB245F59C400ECFF4D /* HomeTableViewController.swift in Sources */,
				C458F85124F2BE3B00732355 /* SearchTableViewController.swift in Sources */,
			);
			runOnlyForDeploymentPostprocessing = 0;
		};
/* End PBXSourcesBuildPhase section */

/* Begin PBXVariantGroup section */
		C4E3240D243A58730097C007 /* Main.storyboard */ = {
			isa = PBXVariantGroup;
			children = (
				C4E3240E243A58730097C007 /* Base */,
			);
			name = Main.storyboard;
			sourceTree = "<group>";
		};
		C4E32412243A587C0097C007 /* LaunchScreen.storyboard */ = {
			isa = PBXVariantGroup;
			children = (
				C4E32413243A587C0097C007 /* Base */,
			);
			name = LaunchScreen.storyboard;
			sourceTree = "<group>";
		};
/* End PBXVariantGroup section */

/* Begin XCBuildConfiguration section */
		C4E32416243A587C0097C007 /* Debug */ = {
			isa = XCBuildConfiguration;
			buildSettings = {
				ALWAYS_SEARCH_USER_PATHS = NO;
				CLANG_ANALYZER_NONNULL = YES;
				CLANG_ANALYZER_NUMBER_OBJECT_CONVERSION = YES_AGGRESSIVE;
				CLANG_CXX_LANGUAGE_STANDARD = "gnu++14";
				CLANG_CXX_LIBRARY = "libc++";
				CLANG_ENABLE_MODULES = YES;
				CLANG_ENABLE_OBJC_ARC = YES;
				CLANG_ENABLE_OBJC_WEAK = YES;
				CLANG_WARN_BLOCK_CAPTURE_AUTORELEASING = YES;
				CLANG_WARN_BOOL_CONVERSION = YES;
				CLANG_WARN_COMMA = YES;
				CLANG_WARN_CONSTANT_CONVERSION = YES;
				CLANG_WARN_DEPRECATED_OBJC_IMPLEMENTATIONS = YES;
				CLANG_WARN_DIRECT_OBJC_ISA_USAGE = YES_ERROR;
				CLANG_WARN_DOCUMENTATION_COMMENTS = YES;
				CLANG_WARN_EMPTY_BODY = YES;
				CLANG_WARN_ENUM_CONVERSION = YES;
				CLANG_WARN_INFINITE_RECURSION = YES;
				CLANG_WARN_INT_CONVERSION = YES;
				CLANG_WARN_NON_LITERAL_NULL_CONVERSION = YES;
				CLANG_WARN_OBJC_IMPLICIT_RETAIN_SELF = YES;
				CLANG_WARN_OBJC_LITERAL_CONVERSION = YES;
				CLANG_WARN_OBJC_ROOT_CLASS = YES_ERROR;
				CLANG_WARN_RANGE_LOOP_ANALYSIS = YES;
				CLANG_WARN_STRICT_PROTOTYPES = YES;
				CLANG_WARN_SUSPICIOUS_MOVE = YES;
				CLANG_WARN_UNGUARDED_AVAILABILITY = YES_AGGRESSIVE;
				CLANG_WARN_UNREACHABLE_CODE = YES;
				CLANG_WARN__DUPLICATE_METHOD_MATCH = YES;
				COPY_PHASE_STRIP = NO;
				DEBUG_INFORMATION_FORMAT = dwarf;
				ENABLE_STRICT_OBJC_MSGSEND = YES;
				ENABLE_TESTABILITY = YES;
				GCC_C_LANGUAGE_STANDARD = gnu11;
				GCC_DYNAMIC_NO_PIC = NO;
				GCC_NO_COMMON_BLOCKS = YES;
				GCC_OPTIMIZATION_LEVEL = 0;
				GCC_PREPROCESSOR_DEFINITIONS = (
					"DEBUG=1",
					"$(inherited)",
				);
				GCC_WARN_64_TO_32_BIT_CONVERSION = YES;
				GCC_WARN_ABOUT_RETURN_TYPE = YES_ERROR;
				GCC_WARN_UNDECLARED_SELECTOR = YES;
				GCC_WARN_UNINITIALIZED_AUTOS = YES_AGGRESSIVE;
				GCC_WARN_UNUSED_FUNCTION = YES;
				GCC_WARN_UNUSED_VARIABLE = YES;
				IPHONEOS_DEPLOYMENT_TARGET = 13.2;
				MTL_ENABLE_DEBUG_INFO = INCLUDE_SOURCE;
				MTL_FAST_MATH = YES;
				ONLY_ACTIVE_ARCH = YES;
				SDKROOT = iphoneos;
				SWIFT_ACTIVE_COMPILATION_CONDITIONS = DEBUG;
				SWIFT_OPTIMIZATION_LEVEL = "-Onone";
			};
			name = Debug;
		};
		C4E32417243A587C0097C007 /* Release */ = {
			isa = XCBuildConfiguration;
			buildSettings = {
				ALWAYS_SEARCH_USER_PATHS = NO;
				CLANG_ANALYZER_NONNULL = YES;
				CLANG_ANALYZER_NUMBER_OBJECT_CONVERSION = YES_AGGRESSIVE;
				CLANG_CXX_LANGUAGE_STANDARD = "gnu++14";
				CLANG_CXX_LIBRARY = "libc++";
				CLANG_ENABLE_MODULES = YES;
				CLANG_ENABLE_OBJC_ARC = YES;
				CLANG_ENABLE_OBJC_WEAK = YES;
				CLANG_WARN_BLOCK_CAPTURE_AUTORELEASING = YES;
				CLANG_WARN_BOOL_CONVERSION = YES;
				CLANG_WARN_COMMA = YES;
				CLANG_WARN_CONSTANT_CONVERSION = YES;
				CLANG_WARN_DEPRECATED_OBJC_IMPLEMENTATIONS = YES;
				CLANG_WARN_DIRECT_OBJC_ISA_USAGE = YES_ERROR;
				CLANG_WARN_DOCUMENTATION_COMMENTS = YES;
				CLANG_WARN_EMPTY_BODY = YES;
				CLANG_WARN_ENUM_CONVERSION = YES;
				CLANG_WARN_INFINITE_RECURSION = YES;
				CLANG_WARN_INT_CONVERSION = YES;
				CLANG_WARN_NON_LITERAL_NULL_CONVERSION = YES;
				CLANG_WARN_OBJC_IMPLICIT_RETAIN_SELF = YES;
				CLANG_WARN_OBJC_LITERAL_CONVERSION = YES;
				CLANG_WARN_OBJC_ROOT_CLASS = YES_ERROR;
				CLANG_WARN_RANGE_LOOP_ANALYSIS = YES;
				CLANG_WARN_STRICT_PROTOTYPES = YES;
				CLANG_WARN_SUSPICIOUS_MOVE = YES;
				CLANG_WARN_UNGUARDED_AVAILABILITY = YES_AGGRESSIVE;
				CLANG_WARN_UNREACHABLE_CODE = YES;
				CLANG_WARN__DUPLICATE_METHOD_MATCH = YES;
				COPY_PHASE_STRIP = NO;
				DEBUG_INFORMATION_FORMAT = "dwarf-with-dsym";
				ENABLE_NS_ASSERTIONS = NO;
				ENABLE_STRICT_OBJC_MSGSEND = YES;
				GCC_C_LANGUAGE_STANDARD = gnu11;
				GCC_NO_COMMON_BLOCKS = YES;
				GCC_WARN_64_TO_32_BIT_CONVERSION = YES;
				GCC_WARN_ABOUT_RETURN_TYPE = YES_ERROR;
				GCC_WARN_UNDECLARED_SELECTOR = YES;
				GCC_WARN_UNINITIALIZED_AUTOS = YES_AGGRESSIVE;
				GCC_WARN_UNUSED_FUNCTION = YES;
				GCC_WARN_UNUSED_VARIABLE = YES;
				IPHONEOS_DEPLOYMENT_TARGET = 13.2;
				MTL_ENABLE_DEBUG_INFO = NO;
				MTL_FAST_MATH = YES;
				SDKROOT = iphoneos;
				SWIFT_COMPILATION_MODE = wholemodule;
				SWIFT_OPTIMIZATION_LEVEL = "-O";
				VALIDATE_PRODUCT = YES;
			};
			name = Release;
		};
		C4E32419243A587C0097C007 /* Debug */ = {
			isa = XCBuildConfiguration;
			baseConfigurationReference = 22FF5EDB6AB563EDB84BB568 /* Pods-MCSL Mobile.debug.xcconfig */;
			buildSettings = {
				ASSETCATALOG_COMPILER_APPICON_NAME = AppIcon;
				CODE_SIGN_STYLE = Automatic;
				CURRENT_PROJECT_VERSION = 2;
				DEVELOPMENT_TEAM = 9LH3QR9J34;
				INFOPLIST_FILE = "MCSL Mobile/Info.plist";
				IPHONEOS_DEPLOYMENT_TARGET = 13.0;
				LD_RUNPATH_SEARCH_PATHS = (
					"$(inherited)",
					"@executable_path/Frameworks",
				);
				PRODUCT_BUNDLE_IDENTIFIER = "io.github.jerryj2003.MCSL-Mobile";
				PRODUCT_NAME = "$(TARGET_NAME)";
				SWIFT_VERSION = 5.0;
				TARGETED_DEVICE_FAMILY = "1,2";
			};
			name = Debug;
		};
		C4E3241A243A587C0097C007 /* Release */ = {
			isa = XCBuildConfiguration;
			baseConfigurationReference = A2B6F0285F8856D87C5938EF /* Pods-MCSL Mobile.release.xcconfig */;
			buildSettings = {
				ASSETCATALOG_COMPILER_APPICON_NAME = AppIcon;
				CODE_SIGN_STYLE = Automatic;
				CURRENT_PROJECT_VERSION = 2;
				DEVELOPMENT_TEAM = 9LH3QR9J34;
				INFOPLIST_FILE = "MCSL Mobile/Info.plist";
				IPHONEOS_DEPLOYMENT_TARGET = 13.0;
				LD_RUNPATH_SEARCH_PATHS = (
					"$(inherited)",
					"@executable_path/Frameworks",
				);
				PRODUCT_BUNDLE_IDENTIFIER = "io.github.jerryj2003.MCSL-Mobile";
				PRODUCT_NAME = "$(TARGET_NAME)";
				SWIFT_VERSION = 5.0;
				TARGETED_DEVICE_FAMILY = "1,2";
			};
			name = Release;
		};
/* End XCBuildConfiguration section */

/* Begin XCConfigurationList section */
		C4E323FD243A58730097C007 /* Build configuration list for PBXProject "MCSL Mobile" */ = {
			isa = XCConfigurationList;
			buildConfigurations = (
				C4E32416243A587C0097C007 /* Debug */,
				C4E32417243A587C0097C007 /* Release */,
			);
			defaultConfigurationIsVisible = 0;
			defaultConfigurationName = Release;
		};
		C4E32418243A587C0097C007 /* Build configuration list for PBXNativeTarget "MCSL Mobile" */ = {
			isa = XCConfigurationList;
			buildConfigurations = (
				C4E32419243A587C0097C007 /* Debug */,
				C4E3241A243A587C0097C007 /* Release */,
			);
			defaultConfigurationIsVisible = 0;
			defaultConfigurationName = Release;
		};
/* End XCConfigurationList section */
	};
	rootObject = C4E323FA243A58730097C007 /* Project object */;
}
